
Microsoft Visual Studio Solution File, Format Version 12.00
# Visual Studio Version 17
VisualStudioVersion = 17.12.35527.113 d17.12
MinimumVisualStudioVersion = 10.0.40219.1
Project("{FAE04EC0-301F-11D3-BF4B-00C04F79EFBC}") = "IntercomServer", "IntercomServer\IntercomServer.csproj", "{859FF13C-348B-49BA-AF8D-FF0F983E6FA7}"
EndProject
Project("{FAE04EC0-301F-11D3-BF4B-00C04F79EFBC}") = "IntercomTest", "IntercomTest\IntercomTest.csproj", "{7A6AE997-D7D1-485E-A37E-573B416832AD}"
EndProject
Global
	GlobalSection(SolutionConfigurationPlatforms) = preSolution
		Debug|Any CPU = Debug|Any CPU
		Release|Any CPU = Release|Any CPU
	EndGlobalSection
	GlobalSection(ProjectConfigurationPlatforms) = postSolution
		{859FF13C-348B-49BA-AF8D-FF0F983E6FA7}.Debug|Any CPU.ActiveCfg = Debug|Any CPU
		{859FF13C-348B-49BA-AF8D-FF0F983E6FA7}.Debug|Any CPU.Build.0 = Debug|Any CPU
		{859FF13C-348B-49BA-AF8D-FF0F983E6FA7}.Release|Any CPU.ActiveCfg = Release|Any CPU
		{859FF13C-348B-49BA-AF8D-FF0F983E6FA7}.Release|Any CPU.Build.0 = Release|Any CPU
		{7A6AE997-D7D1-485E-A37E-573B416832AD}.Debug|Any CPU.ActiveCfg = Debug|Any CPU
		{7A6AE997-D7D1-485E-A37E-573B416832AD}.Debug|Any CPU.Build.0 = Debug|Any CPU
		{7A6AE997-D7D1-485E-A37E-573B416832AD}.Release|Any CPU.ActiveCfg = Release|Any CPU
		{7A6AE997-D7D1-485E-A37E-573B416832AD}.Release|Any CPU.Build.0 = Release|Any CPU
	EndGlobalSection
	GlobalSection(SolutionProperties) = preSolution
		HideSolutionNode = FALSE
	EndGlobalSection
EndGlobal
