
Microsoft Visual Studio Solution File, Format Version 12.00
# Visual Studio Version 17
VisualStudioVersion = 17.12.35527.113
MinimumVisualStudioVersion = 10.0.40219.1
Project("{FAE04EC0-301F-11D3-BF4B-00C04F79EFBC}") = "IntercomServer", "IntercomServer\IntercomServer.csproj", "{859FF13C-348B-49BA-AF8D-FF0F983E6FA7}"
EndProject
Project("{FAE04EC0-301F-11D3-BF4B-00C04F79EFBC}") = "IntercomTest", "IntercomTest\IntercomTest.csproj", "{7A6AE997-D7D1-485E-A37E-573B416832AD}"
EndProject
Project("{FAE04EC0-301F-11D3-BF4B-00C04F79EFBC}") = "IntercomServer.Utils", "IntercomServer.Utils\IntercomServer.Utils.csproj", "{542226C3-4964-4ADB-B381-2271183268FB}"
EndProject
Project("{FAE04EC0-301F-11D3-BF4B-00C04F79EFBC}") = "IntercomTestWeb", "IntercomTestWeb\IntercomTestWeb.csproj", "{B86272F6-81BF-4401-AE76-61EA7E722806}"
EndProject
Global
	GlobalSection(SolutionConfigurationPlatforms) = preSolution
		Debug|Any CPU = Debug|Any CPU
		Debug|x64 = Debug|x64
		Debug|x86 = Debug|x86
		Release|Any CPU = Release|Any CPU
		Release|x64 = Release|x64
		Release|x86 = Release|x86
	EndGlobalSection
	GlobalSection(ProjectConfigurationPlatforms) = postSolution
		{859FF13C-348B-49BA-AF8D-FF0F983E6FA7}.Debug|Any CPU.ActiveCfg = Debug|Any CPU
		{859FF13C-348B-49BA-AF8D-FF0F983E6FA7}.Debug|Any CPU.Build.0 = Debug|Any CPU
		{859FF13C-348B-49BA-AF8D-FF0F983E6FA7}.Debug|x64.ActiveCfg = Debug|Any CPU
		{859FF13C-348B-49BA-AF8D-FF0F983E6FA7}.Debug|x64.Build.0 = Debug|Any CPU
		{859FF13C-348B-49BA-AF8D-FF0F983E6FA7}.Debug|x86.ActiveCfg = Debug|Any CPU
		{859FF13C-348B-49BA-AF8D-FF0F983E6FA7}.Debug|x86.Build.0 = Debug|Any CPU
		{859FF13C-348B-49BA-AF8D-FF0F983E6FA7}.Release|Any CPU.ActiveCfg = Release|Any CPU
		{859FF13C-348B-49BA-AF8D-FF0F983E6FA7}.Release|Any CPU.Build.0 = Release|Any CPU
		{859FF13C-348B-49BA-AF8D-FF0F983E6FA7}.Release|x64.ActiveCfg = Release|Any CPU
		{859FF13C-348B-49BA-AF8D-FF0F983E6FA7}.Release|x64.Build.0 = Release|Any CPU
		{859FF13C-348B-49BA-AF8D-FF0F983E6FA7}.Release|x86.ActiveCfg = Release|Any CPU
		{859FF13C-348B-49BA-AF8D-FF0F983E6FA7}.Release|x86.Build.0 = Release|Any CPU
		{7A6AE997-D7D1-485E-A37E-573B416832AD}.Debug|Any CPU.ActiveCfg = Debug|Any CPU
		{7A6AE997-D7D1-485E-A37E-573B416832AD}.Debug|Any CPU.Build.0 = Debug|Any CPU
		{7A6AE997-D7D1-485E-A37E-573B416832AD}.Debug|x64.ActiveCfg = Debug|Any CPU
		{7A6AE997-D7D1-485E-A37E-573B416832AD}.Debug|x64.Build.0 = Debug|Any CPU
		{7A6AE997-D7D1-485E-A37E-573B416832AD}.Debug|x86.ActiveCfg = Debug|Any CPU
		{7A6AE997-D7D1-485E-A37E-573B416832AD}.Debug|x86.Build.0 = Debug|Any CPU
		{7A6AE997-D7D1-485E-A37E-573B416832AD}.Release|Any CPU.ActiveCfg = Release|Any CPU
		{7A6AE997-D7D1-485E-A37E-573B416832AD}.Release|Any CPU.Build.0 = Release|Any CPU
		{7A6AE997-D7D1-485E-A37E-573B416832AD}.Release|x64.ActiveCfg = Release|Any CPU
		{7A6AE997-D7D1-485E-A37E-573B416832AD}.Release|x64.Build.0 = Release|Any CPU
		{7A6AE997-D7D1-485E-A37E-573B416832AD}.Release|x86.ActiveCfg = Release|Any CPU
		{7A6AE997-D7D1-485E-A37E-573B416832AD}.Release|x86.Build.0 = Release|Any CPU
		{542226C3-4964-4ADB-B381-2271183268FB}.Debug|Any CPU.ActiveCfg = Debug|Any CPU
		{542226C3-4964-4ADB-B381-2271183268FB}.Debug|Any CPU.Build.0 = Debug|Any CPU
		{542226C3-4964-4ADB-B381-2271183268FB}.Debug|x64.ActiveCfg = Debug|Any CPU
		{542226C3-4964-4ADB-B381-2271183268FB}.Debug|x64.Build.0 = Debug|Any CPU
		{542226C3-4964-4ADB-B381-2271183268FB}.Debug|x86.ActiveCfg = Debug|Any CPU
		{542226C3-4964-4ADB-B381-2271183268FB}.Debug|x86.Build.0 = Debug|Any CPU
		{542226C3-4964-4ADB-B381-2271183268FB}.Release|Any CPU.ActiveCfg = Release|Any CPU
		{542226C3-4964-4ADB-B381-2271183268FB}.Release|Any CPU.Build.0 = Release|Any CPU
		{542226C3-4964-4ADB-B381-2271183268FB}.Release|x64.ActiveCfg = Release|Any CPU
		{542226C3-4964-4ADB-B381-2271183268FB}.Release|x64.Build.0 = Release|Any CPU
		{542226C3-4964-4ADB-B381-2271183268FB}.Release|x86.ActiveCfg = Release|Any CPU
		{542226C3-4964-4ADB-B381-2271183268FB}.Release|x86.Build.0 = Release|Any CPU
		{B86272F6-81BF-4401-AE76-61EA7E722806}.Debug|Any CPU.ActiveCfg = Debug|Any CPU
		{B86272F6-81BF-4401-AE76-61EA7E722806}.Debug|Any CPU.Build.0 = Debug|Any CPU
		{B86272F6-81BF-4401-AE76-61EA7E722806}.Debug|x64.ActiveCfg = Debug|Any CPU
		{B86272F6-81BF-4401-AE76-61EA7E722806}.Debug|x64.Build.0 = Debug|Any CPU
		{B86272F6-81BF-4401-AE76-61EA7E722806}.Debug|x86.ActiveCfg = Debug|Any CPU
		{B86272F6-81BF-4401-AE76-61EA7E722806}.Debug|x86.Build.0 = Debug|Any CPU
		{B86272F6-81BF-4401-AE76-61EA7E722806}.Release|Any CPU.ActiveCfg = Release|Any CPU
		{B86272F6-81BF-4401-AE76-61EA7E722806}.Release|Any CPU.Build.0 = Release|Any CPU
		{B86272F6-81BF-4401-AE76-61EA7E722806}.Release|x64.ActiveCfg = Release|Any CPU
		{B86272F6-81BF-4401-AE76-61EA7E722806}.Release|x64.Build.0 = Release|Any CPU
		{B86272F6-81BF-4401-AE76-61EA7E722806}.Release|x86.ActiveCfg = Release|Any CPU
		{B86272F6-81BF-4401-AE76-61EA7E722806}.Release|x86.Build.0 = Release|Any CPU
	EndGlobalSection
	GlobalSection(SolutionProperties) = preSolution
		HideSolutionNode = FALSE
	EndGlobalSection
EndGlobal
